{
  "originHash" : "585060533c3e8eb057870579716c30c502f16752be7ba8c639178a402eea30c8",
  "pins" : [
    {
      "identity" : "anycodable",
      "kind" : "remoteSourceControl",
      "location" : "https://github.com/Flight-School/AnyCodable",
      "state" : {
        "revision" : "862808b2070cd908cb04f9aafe7de83d35f81b05",
        "version" : "0.6.7"
      }
    },
    {
      "identity" : "devicekit",
      "kind" : "remoteSourceControl",
      "location" : "https://github.com/devicekit/DeviceKit.git",
      "state" : {
        "revision" : "56b997e8a61707218f9af09f32b2a1d1806fd792",
        "version" : "5.8.0"
      }
    }
  ],
  "version" : 3
}
